
Microsoft Visual Studio Solution File, Format Version 12.00
# Visual Studio Version 17
VisualStudioVersion = 17.13.35913.81 d17.13
MinimumVisualStudioVersion = 10.0.40219.1
Project("{2150E333-8FDC-42A3-9474-1A3956D46DE8}") = "ArithmeticDemo", "ArithmeticDemo", "{02EA681E-C7D8-13C7-8484-4AC65E1B71E8}"
EndProject
Project("{FAE04EC0-301F-11D3-BF4B-00C04F79EFBC}") = "ArithmeticDemo", "ArithmeticDemo\ArithmeticDemo.csproj", "{816FA4CB-5C72-4E8F-ACE4-0944EDE79C2E}"
EndProject
Project("{FAE04EC0-301F-11D3-BF4B-00C04F79EFBC}") = "ArithmeticDemo.Test", "ArithmeticDemo.Test\ArithmeticDemo.Test.csproj", "{4D7BF94C-F231-44F3-883D-674E40470E3E}"
EndProject
Global
	GlobalSection(SolutionConfigurationPlatforms) = preSolution
		Debug|Any CPU = Debug|Any CPU
		Release|Any CPU = Release|Any CPU
	EndGlobalSection
	GlobalSection(ProjectConfigurationPlatforms) = postSolution
		{816FA4CB-5C72-4E8F-ACE4-0944EDE79C2E}.Debug|Any CPU.ActiveCfg = Debug|Any CPU
		{816FA4CB-5C72-4E8F-ACE4-0944EDE79C2E}.Debug|Any CPU.Build.0 = Debug|Any CPU
		{816FA4CB-5C72-4E8F-ACE4-0944EDE79C2E}.Release|Any CPU.ActiveCfg = Release|Any CPU
		{816FA4CB-5C72-4E8F-ACE4-0944EDE79C2E}.Release|Any CPU.Build.0 = Release|Any CPU
		{4D7BF94C-F231-44F3-883D-674E40470E3E}.Debug|Any CPU.ActiveCfg = Debug|Any CPU
		{4D7BF94C-F231-44F3-883D-674E40470E3E}.Debug|Any CPU.Build.0 = Debug|Any CPU
		{4D7BF94C-F231-44F3-883D-674E40470E3E}.Release|Any CPU.ActiveCfg = Release|Any CPU
		{4D7BF94C-F231-44F3-883D-674E40470E3E}.Release|Any CPU.Build.0 = Release|Any CPU
	EndGlobalSection
	GlobalSection(SolutionProperties) = preSolution
		HideSolutionNode = FALSE
	EndGlobalSection
	GlobalSection(NestedProjects) = preSolution
		{816FA4CB-5C72-4E8F-ACE4-0944EDE79C2E} = {02EA681E-C7D8-13C7-8484-4AC65E1B71E8}
		{4D7BF94C-F231-44F3-883D-674E40470E3E} = {02EA681E-C7D8-13C7-8484-4AC65E1B71E8}
	EndGlobalSection
	GlobalSection(ExtensibilityGlobals) = postSolution
		SolutionGuid = {5B6D85A8-E9AF-42B0-8A1A-1CEE23A94E87}
	EndGlobalSection
EndGlobal
